
Microsoft Visual Studio Solution File, Format Version 12.00
# Visual Studio Version 17
VisualStudioVersion = 17.5.33516.290
MinimumVisualStudioVersion = 10.0.40219.1
Project("{FAE04EC0-301F-11D3-BF4B-00C04F79EFBC}") = "BookWormWeb", "BookWormWeb\BookWormWeb.csproj", "{FF4DEFCE-F9AA-405D-8AA3-9B378E29777B}"
EndProject
Global
	GlobalSection(SolutionConfigurationPlatforms) = preSolution
		Debug|Any CPU = Debug|Any CPU
		Release|Any CPU = Release|Any CPU
	EndGlobalSection
	GlobalSection(ProjectConfigurationPlatforms) = postSolution
		{FF4DEFCE-F9AA-405D-8AA3-9B378E29777B}.Debug|Any CPU.ActiveCfg = Debug|Any CPU
		{FF4DEFCE-F9AA-405D-8AA3-9B378E29777B}.Debug|Any CPU.Build.0 = Debug|Any CPU
		{FF4DEFCE-F9AA-405D-8AA3-9B378E29777B}.Release|Any CPU.ActiveCfg = Release|Any CPU
		{FF4DEFCE-F9AA-405D-8AA3-9B378E29777B}.Release|Any CPU.Build.0 = Release|Any CPU
	EndGlobalSection
	GlobalSection(SolutionProperties) = preSolution
		HideSolutionNode = FALSE
	EndGlobalSection
	GlobalSection(ExtensibilityGlobals) = postSolution
		SolutionGuid = {DF301EE8-0314-4F30-B4D0-8DF77E9112DC}
	EndGlobalSection
EndGlobal
